// !$*UTF8*$!
{
	archiveVersion = 1;
	classes = {
	};
	objectVersion = 46;
	objects = {

/* Begin PBXBuildFile section */
		493541EE1DF484A0006E4249 /* AppDelegate.swift in Sources */ = {isa = PBXBuildFile; fileRef = 493541ED1DF484A0006E4249 /* AppDelegate.swift */; };
		493541F01DF484A0006E4249 /* FirstViewController.swift in Sources */ = {isa = PBXBuildFile; fileRef = 493541EF1DF484A0006E4249 /* FirstViewController.swift */; };
		493541F21DF484A0006E4249 /* SecondViewController.swift in Sources */ = {isa = PBXBuildFile; fileRef = 493541F11DF484A0006E4249 /* SecondViewController.swift */; };
		493541F51DF484A0006E4249 /* Main.storyboard in Resources */ = {isa = PBXBuildFile; fileRef = 493541F31DF484A0006E4249 /* Main.storyboard */; };
		493541F71DF484A0006E4249 /* Assets.xcassets in Resources */ = {isa = PBXBuildFile; fileRef = 493541F61DF484A0006E4249 /* Assets.xcassets */; };
		493541FA1DF484A0006E4249 /* LaunchScreen.storyboard in Resources */ = {isa = PBXBuildFile; fileRef = 493541F81DF484A0006E4249 /* LaunchScreen.storyboard */; };
/* End PBXBuildFile section */

/* Begin PBXFileReference section */
		493541EA1DF484A0006E4249 /* MonPay.app */ = {isa = PBXFileReference; explicitFileType = wrapper.application; includeInIndex = 0; path = MonPay.app; sourceTree = BUILT_PRODUCTS_DIR; };
		493541ED1DF484A0006E4249 /* AppDelegate.swift */ = {isa = PBXFileReference; lastKnownFileType = sourcecode.swift; path = AppDelegate.swift; sourceTree = "<group>"; };
		493541EF1DF484A0006E4249 /* FirstViewController.swift */ = {isa = PBXFileReference; lastKnownFileType = sourcecode.swift; path = FirstViewController.swift; sourceTree = "<group>"; };
		493541F11DF484A0006E4249 /* SecondViewController.swift */ = {isa = PBXFileReference; lastKnownFileType = sourcecode.swift; path = SecondViewController.swift; sourceTree = "<group>"; };
		493541F41DF484A0006E4249 /* Base */ = {isa = PBXFileReference; lastKnownFileType = file.storyboard; name = Base; path = Base.lproj/Main.storyboard; sourceTree = "<group>"; };
		493541F61DF484A0006E4249 /* Assets.xcassets */ = {isa = PBXFileReference; lastKnownFileType = folder.assetcatalog; path = Assets.xcassets; sourceTree = "<group>"; };
		493541F91DF484A0006E4249 /* Base */ = {isa = PBXFileReference; lastKnownFileType = file.storyboard; name = Base; path = Base.lproj/LaunchScreen.storyboard; sourceTree = "<group>"; };
		493541FB1DF484A0006E4249 /* Info.plist */ = {isa = PBXFileReference; lastKnownFileType = text.plist.xml; path = Info.plist; sourceTree = "<group>"; };
/* End PBXFileReference section */

/* Begin PBXFrameworksBuildPhase section */
		493541E71DF484A0006E4249 /* Frameworks */ = {
			isa = PBXFrameworksBuildPhase;
			buildActionMask = 2147483647;
			files = (
			);
			runOnlyForDeploymentPostprocessing = 0;
		};
/* End PBXFrameworksBuildPhase section */

/* Begin PBXGroup section */
		493541E11DF484A0006E4249 = {
			isa = PBXGroup;
			children = (
				493541EC1DF484A0006E4249 /* MonPay */,
				493541EB1DF484A0006E4249 /* Products */,
			);
			sourceTree = "<group>";
		};
		493541EB1DF484A0006E4249 /* Products */ = {
			isa = PBXGroup;
			children = (
				493541EA1DF484A0006E4249 /* MonPay.app */,
			);
			name = Products;
			sourceTree = "<group>";
		};
		493541EC1DF484A0006E4249 /* MonPay */ = {
			isa = PBXGroup;
			children = (
				493541ED1DF484A0006E4249 /* AppDelegate.swift */,
				493541EF1DF484A0006E4249 /* FirstViewController.swift */,
				493541F11DF484A0006E4249 /* SecondViewController.swift */,
				493541F31DF484A0006E4249 /* Main.storyboard */,
				493541F61DF484A0006E4249 /* Assets.xcassets */,
				493541F81DF484A0006E4249 /* LaunchScreen.storyboard */,
				493541FB1DF484A0006E4249 /* Info.plist */,
			);
			path = MonPay;
			sourceTree = "<group>";
		};
/* End PBXGroup section */

/* Begin PBXNativeTarget section */
		493541E91DF484A0006E4249 /* MonPay */ = {
			isa = PBXNativeTarget;
			buildConfigurationList = 493541FE1DF484A0006E4249 /* Build configuration list for PBXNativeTarget "MonPay" */;
			buildPhases = (
				493541E61DF484A0006E4249 /* Sources */,
				493541E71DF484A0006E4249 /* Frameworks */,
				493541E81DF484A0006E4249 /* Resources */,
			);
			buildRules = (
			);
			dependencies = (
			);
			name = MonPay;
			productName = MonPay;
			productReference = 493541EA1DF484A0006E4249 /* MonPay.app */;
			productType = "com.apple.product-type.application";
		};
/* End PBXNativeTarget section */

/* Begin PBXProject section */
		493541E21DF484A0006E4249 /* Project object */ = {
			isa = PBXProject;
			attributes = {
				LastSwiftUpdateCheck = 0810;
				LastUpgradeCheck = 0810;
				ORGANIZATIONNAME = TeodorGarzdin;
				TargetAttributes = {
					493541E91DF484A0006E4249 = {
						CreatedOnToolsVersion = 8.1;
						DevelopmentTeam = 5TZ5UX6U2K;
						ProvisioningStyle = Automatic;
					};
				};
			};
			buildConfigurationList = 493541E51DF484A0006E4249 /* Build configuration list for PBXProject "MonPay" */;
			compatibilityVersion = "Xcode 3.2";
			developmentRegion = English;
			hasScannedForEncodings = 0;
			knownRegions = (
				en,
				Base,
			);
			mainGroup = 493541E11DF484A0006E4249;
			productRefGroup = 493541EB1DF484A0006E4249 /* Products */;
			projectDirPath = "";
			projectRoot = "";
			targets = (
				493541E91DF484A0006E4249 /* MonPay */,
			);
		};
/* End PBXProject section */

/* Begin PBXResourcesBuildPhase section */
		493541E81DF484A0006E4249 /* Resources */ = {
			isa = PBXResourcesBuildPhase;
			buildActionMask = 2147483647;
			files = (
				493541FA1DF484A0006E4249 /* LaunchScreen.storyboard in Resources */,
				493541F71DF484A0006E4249 /* Assets.xcassets in Resources */,
				493541F51DF484A0006E4249 /* Main.storyboard in Resources */,
			);
			runOnlyForDeploymentPostprocessing = 0;
		};
/* End PBXResourcesBuildPhase section */

/* Begin PBXSourcesBuildPhase section */
		493541E61DF484A0006E4249 /* Sources */ = {
			isa = PBXSourcesBuildPhase;
			buildActionMask = 2147483647;
			files = (
				493541F21DF484A0006E4249 /* SecondViewController.swift in Sources */,
				493541EE1DF484A0006E4249 /* AppDelegate.swift in Sources */,
				493541F01DF484A0006E4249 /* FirstViewController.swift in Sources */,
			);
			runOnlyForDeploymentPostprocessing = 0;
		};
/* End PBXSourcesBuildPhase section */

/* Begin PBXVariantGroup section */
		493541F31DF484A0006E4249 /* Main.storyboard */ = {
			isa = PBXVariantGroup;
			children = (
				493541F41DF484A0006E4249 /* Base */,
			);
			name = Main.storyboard;
			sourceTree = "<group>";
		};
		493541F81DF484A0006E4249 /* LaunchScreen.storyboard */ = {
			isa = PBXVariantGroup;
			children = (
				493541F91DF484A0006E4249 /* Base */,
			);
			name = LaunchScreen.storyboard;
			sourceTree = "<group>";
		};
/* End PBXVariantGroup section */

/* Begin XCBuildConfiguration section */
		493541FC1DF484A0006E4249 /* Debug */ = {
			isa = XCBuildConfiguration;
			buildSettings = {
				ALWAYS_SEARCH_USER_PATHS = NO;
				CLANG_ANALYZER_NONNULL = YES;
				CLANG_CXX_LANGUAGE_STANDARD = "gnu++0x";
				CLANG_CXX_LIBRARY = "libc++";
				CLANG_ENABLE_MODULES = YES;
				CLANG_ENABLE_OBJC_ARC = YES;
				CLANG_WARN_BOOL_CONVERSION = YES;
				CLANG_WARN_CONSTANT_CONVERSION = YES;
				CLANG_WARN_DIRECT_OBJC_ISA_USAGE = YES_ERROR;
				CLANG_WARN_DOCUMENTATION_COMMENTS = YES;
				CLANG_WARN_EMPTY_BODY = YES;
				CLANG_WARN_ENUM_CONVERSION = YES;
				CLANG_WARN_INFINITE_RECURSION = YES;
				CLANG_WARN_INT_CONVERSION = YES;
				CLANG_WARN_OBJC_ROOT_CLASS = YES_ERROR;
				CLANG_WARN_SUSPICIOUS_MOVES = YES;
				CLANG_WARN_UNREACHABLE_CODE = YES;
				CLANG_WARN__DUPLICATE_METHOD_MATCH = YES;
				"CODE_SIGN_IDENTITY[sdk=iphoneos*]" = "iPhone Developer";
				COPY_PHASE_STRIP = NO;
				DEBUG_INFORMATION_FORMAT = dwarf;
				ENABLE_STRICT_OBJC_MSGSEND = YES;
				ENABLE_TESTABILITY = YES;
				GCC_C_LANGUAGE_STANDARD = gnu99;
				GCC_DYNAMIC_NO_PIC = NO;
				GCC_NO_COMMON_BLOCKS = YES;
				GCC_OPTIMIZATION_LEVEL = 0;
				GCC_PREPROCESSOR_DEFINITIONS = (
					"DEBUG=1",
					"$(inherited)",
				);
				GCC_WARN_64_TO_32_BIT_CONVERSION = YES;
				GCC_WARN_ABOUT_RETURN_TYPE = YES_ERROR;
				GCC_WARN_UNDECLARED_SELECTOR = YES;
				GCC_WARN_UNINITIALIZED_AUTOS = YES_AGGRESSIVE;
				GCC_WARN_UNUSED_FUNCTION = YES;
				GCC_WARN_UNUSED_VARIABLE = YES;
				IPHONEOS_DEPLOYMENT_TARGET = 10.1;
				MTL_ENABLE_DEBUG_INFO = YES;
				ONLY_ACTIVE_ARCH = YES;
				SDKROOT = iphoneos;
				SWIFT_ACTIVE_COMPILATION_CONDITIONS = DEBUG;
				SWIFT_OPTIMIZATION_LEVEL = "-Onone";
			};
			name = Debug;
		};
		493541FD1DF484A0006E4249 /* Release */ = {
			isa = XCBuildConfiguration;
			buildSettings = {
				ALWAYS_SEARCH_USER_PATHS = NO;
				CLANG_ANALYZER_NONNULL = YES;
				CLANG_CXX_LANGUAGE_STANDARD = "gnu++0x";
				CLANG_CXX_LIBRARY = "libc++";
				CLANG_ENABLE_MODULES = YES;
				CLANG_ENABLE_OBJC_ARC = YES;
				CLANG_WARN_BOOL_CONVERSION = YES;
				CLANG_WARN_CONSTANT_CONVERSION = YES;
				CLANG_WARN_DIRECT_OBJC_ISA_USAGE = YES_ERROR;
				CLANG_WARN_DOCUMENTATION_COMMENTS = YES;
				CLANG_WARN_EMPTY_BODY = YES;
				CLANG_WARN_ENUM_CONVERSION = YES;
				CLANG_WARN_INFINITE_RECURSION = YES;
				CLANG_WARN_INT_CONVERSION = YES;
				CLANG_WARN_OBJC_ROOT_CLASS = YES_ERROR;
				CLANG_WARN_SUSPICIOUS_MOVES = YES;
				CLANG_WARN_UNREACHABLE_CODE = YES;
				CLANG_WARN__DUPLICATE_METHOD_MATCH = YES;
				"CODE_SIGN_IDENTITY[sdk=iphoneos*]" = "iPhone Developer";
				COPY_PHASE_STRIP = NO;
				DEBUG_INFORMATION_FORMAT = "dwarf-with-dsym";
				ENABLE_NS_ASSERTIONS = NO;
				ENABLE_STRICT_OBJC_MSGSEND = YES;
				GCC_C_LANGUAGE_STANDARD = gnu99;
				GCC_NO_COMMON_BLOCKS = YES;
				GCC_WARN_64_TO_32_BIT_CONVERSION = YES;
				GCC_WARN_ABOUT_RETURN_TYPE = YES_ERROR;
				GCC_WARN_UNDECLARED_SELECTOR = YES;
				GCC_WARN_UNINITIALIZED_AUTOS = YES_AGGRESSIVE;
				GCC_WARN_UNUSED_FUNCTION = YES;
				GCC_WARN_UNUSED_VARIABLE = YES;
				IPHONEOS_DEPLOYMENT_TARGET = 10.1;
				MTL_ENABLE_DEBUG_INFO = NO;
				SDKROOT = iphoneos;
				SWIFT_OPTIMIZATION_LEVEL = "-Owholemodule";
				VALIDATE_PRODUCT = YES;
			};
			name = Release;
		};
		493541FF1DF484A0006E4249 /* Debug */ = {
			isa = XCBuildConfiguration;
			buildSettings = {
				ASSETCATALOG_COMPILER_APPICON_NAME = AppIcon;
				DEVELOPMENT_TEAM = 5TZ5UX6U2K;
				INFOPLIST_FILE = MonPay/Info.plist;
				LD_RUNPATH_SEARCH_PATHS = "$(inherited) @executable_path/Frameworks";
				PRODUCT_BUNDLE_IDENTIFIER = com.teodorgarzdin.MonPay;
				PRODUCT_NAME = "$(TARGET_NAME)";
				SWIFT_VERSION = 3.0;
			};
			name = Debug;
		};
		493542001DF484A0006E4249 /* Release */ = {
			isa = XCBuildConfiguration;
			buildSettings = {
				ASSETCATALOG_COMPILER_APPICON_NAME = AppIcon;
				DEVELOPMENT_TEAM = 5TZ5UX6U2K;
				INFOPLIST_FILE = MonPay/Info.plist;
				LD_RUNPATH_SEARCH_PATHS = "$(inherited) @executable_path/Frameworks";
				PRODUCT_BUNDLE_IDENTIFIER = com.teodorgarzdin.MonPay;
				PRODUCT_NAME = "$(TARGET_NAME)";
				SWIFT_VERSION = 3.0;
			};
			name = Release;
		};
/* End XCBuildConfiguration section */

/* Begin XCConfigurationList section */
		493541E51DF484A0006E4249 /* Build configuration list for PBXProject "MonPay" */ = {
			isa = XCConfigurationList;
			buildConfigurations = (
				493541FC1DF484A0006E4249 /* Debug */,
				493541FD1DF484A0006E4249 /* Release */,
			);
			defaultConfigurationIsVisible = 0;
			defaultConfigurationName = Release;
		};
		493541FE1DF484A0006E4249 /* Build configuration list for PBXNativeTarget "MonPay" */ = {
			isa = XCConfigurationList;
			buildConfigurations = (
				493541FF1DF484A0006E4249 /* Debug */,
				493542001DF484A0006E4249 /* Release */,
			);
			defaultConfigurationIsVisible = 0;
		};
/* End XCConfigurationList section */
	};
	rootObject = 493541E21DF484A0006E4249 /* Project object */;
}
